
Microsoft Visual Studio Solution File, Format Version 12.00
# Visual Studio Version 17
VisualStudioVersion = 17.9.34728.123
MinimumVisualStudioVersion = 10.0.40219.1
Project("{2150E333-8FDC-42A3-9474-1A3956D46DE8}") = "Core", "Core", "{5DB0DC38-832B-4098-99D2-9255DCC532E2}"
EndProject
Project("{9A19103F-16F7-4668-BE54-9A1E7A4F7556}") = "CarBook.Domain", "Core\CarBook.Domain\CarBook.Domain.csproj", "{A077E3C8-9AE9-4786-9E4D-B091E11A435A}"
EndProject
Project("{2150E333-8FDC-42A3-9474-1A3956D46DE8}") = "Infrastructure", "Infrastructure", "{AA297E6E-8DC9-4E76-85F5-16786E800375}"
EndProject
Project("{9A19103F-16F7-4668-BE54-9A1E7A4F7556}") = "CarBook.Persistence", "Infrastructure\CarBook.Persistence\CarBook.Persistence.csproj", "{06D8A7BB-9603-441D-ABDC-D469AD908C4B}"
EndProject
Project("{2150E333-8FDC-42A3-9474-1A3956D46DE8}") = "Presentation", "Presentation", "{ECFD278F-1FC1-4C23-967C-89F2AF3288FC}"
EndProject
Project("{9A19103F-16F7-4668-BE54-9A1E7A4F7556}") = "CarBook.WebApi", "Presentation\CarBook.WebApi\CarBook.WebApi.csproj", "{670F9617-1C6D-4FDD-A984-BA54355D8323}"
EndProject
Project("{9A19103F-16F7-4668-BE54-9A1E7A4F7556}") = "CarBook.Application", "Core\CarBook.Application\CarBook.Application.csproj", "{A90598A4-694B-409C-911D-67321B1EF6C4}"
EndProject
Project("{2150E333-8FDC-42A3-9474-1A3956D46DE8}") = "Frontends", "Frontends", "{10E9D5D5-A850-4A89-B991-08708C26D78D}"
EndProject
Project("{9A19103F-16F7-4668-BE54-9A1E7A4F7556}") = "CarBook.WebUI", "Frontends\CarBook.WebUI\CarBook.WebUI.csproj", "{88C5D7FF-41DA-4CEE-8B26-1DC50D90DEC0}"
EndProject
Project("{9A19103F-16F7-4668-BE54-9A1E7A4F7556}") = "CarBook.Dto", "Frontends\CarBook.Dto\CarBook.Dto.csproj", "{FE2D4D4E-65D9-4077-BD7D-90852D0A9346}"
EndProject
Project("{2150E333-8FDC-42A3-9474-1A3956D46DE8}") = "ToDoList", "ToDoList", "{B8880D74-0E0D-4AAF-8EE2-C07CD18C1246}"
	ProjectSection(SolutionItems) = preProject
		StatisticList.txt = StatisticList.txt
	EndProjectSection
EndProject
Global
	GlobalSection(SolutionConfigurationPlatforms) = preSolution
		Debug|Any CPU = Debug|Any CPU
		Release|Any CPU = Release|Any CPU
	EndGlobalSection
	GlobalSection(ProjectConfigurationPlatforms) = postSolution
		{A077E3C8-9AE9-4786-9E4D-B091E11A435A}.Debug|Any CPU.ActiveCfg = Debug|Any CPU
		{A077E3C8-9AE9-4786-9E4D-B091E11A435A}.Debug|Any CPU.Build.0 = Debug|Any CPU
		{A077E3C8-9AE9-4786-9E4D-B091E11A435A}.Release|Any CPU.ActiveCfg = Release|Any CPU
		{A077E3C8-9AE9-4786-9E4D-B091E11A435A}.Release|Any CPU.Build.0 = Release|Any CPU
		{06D8A7BB-9603-441D-ABDC-D469AD908C4B}.Debug|Any CPU.ActiveCfg = Debug|Any CPU
		{06D8A7BB-9603-441D-ABDC-D469AD908C4B}.Debug|Any CPU.Build.0 = Debug|Any CPU
		{06D8A7BB-9603-441D-ABDC-D469AD908C4B}.Release|Any CPU.ActiveCfg = Release|Any CPU
		{06D8A7BB-9603-441D-ABDC-D469AD908C4B}.Release|Any CPU.Build.0 = Release|Any CPU
		{670F9617-1C6D-4FDD-A984-BA54355D8323}.Debug|Any CPU.ActiveCfg = Debug|Any CPU
		{670F9617-1C6D-4FDD-A984-BA54355D8323}.Debug|Any CPU.Build.0 = Debug|Any CPU
		{670F9617-1C6D-4FDD-A984-BA54355D8323}.Release|Any CPU.ActiveCfg = Release|Any CPU
		{670F9617-1C6D-4FDD-A984-BA54355D8323}.Release|Any CPU.Build.0 = Release|Any CPU
		{A90598A4-694B-409C-911D-67321B1EF6C4}.Debug|Any CPU.ActiveCfg = Debug|Any CPU
		{A90598A4-694B-409C-911D-67321B1EF6C4}.Debug|Any CPU.Build.0 = Debug|Any CPU
		{A90598A4-694B-409C-911D-67321B1EF6C4}.Release|Any CPU.ActiveCfg = Release|Any CPU
		{A90598A4-694B-409C-911D-67321B1EF6C4}.Release|Any CPU.Build.0 = Release|Any CPU
		{88C5D7FF-41DA-4CEE-8B26-1DC50D90DEC0}.Debug|Any CPU.ActiveCfg = Debug|Any CPU
		{88C5D7FF-41DA-4CEE-8B26-1DC50D90DEC0}.Debug|Any CPU.Build.0 = Debug|Any CPU
		{88C5D7FF-41DA-4CEE-8B26-1DC50D90DEC0}.Release|Any CPU.ActiveCfg = Release|Any CPU
		{88C5D7FF-41DA-4CEE-8B26-1DC50D90DEC0}.Release|Any CPU.Build.0 = Release|Any CPU
		{FE2D4D4E-65D9-4077-BD7D-90852D0A9346}.Debug|Any CPU.ActiveCfg = Debug|Any CPU
		{FE2D4D4E-65D9-4077-BD7D-90852D0A9346}.Debug|Any CPU.Build.0 = Debug|Any CPU
		{FE2D4D4E-65D9-4077-BD7D-90852D0A9346}.Release|Any CPU.ActiveCfg = Release|Any CPU
		{FE2D4D4E-65D9-4077-BD7D-90852D0A9346}.Release|Any CPU.Build.0 = Release|Any CPU
	EndGlobalSection
	GlobalSection(SolutionProperties) = preSolution
		HideSolutionNode = FALSE
	EndGlobalSection
	GlobalSection(NestedProjects) = preSolution
		{A077E3C8-9AE9-4786-9E4D-B091E11A435A} = {5DB0DC38-832B-4098-99D2-9255DCC532E2}
		{06D8A7BB-9603-441D-ABDC-D469AD908C4B} = {AA297E6E-8DC9-4E76-85F5-16786E800375}
		{670F9617-1C6D-4FDD-A984-BA54355D8323} = {ECFD278F-1FC1-4C23-967C-89F2AF3288FC}
		{A90598A4-694B-409C-911D-67321B1EF6C4} = {5DB0DC38-832B-4098-99D2-9255DCC532E2}
		{88C5D7FF-41DA-4CEE-8B26-1DC50D90DEC0} = {10E9D5D5-A850-4A89-B991-08708C26D78D}
		{FE2D4D4E-65D9-4077-BD7D-90852D0A9346} = {10E9D5D5-A850-4A89-B991-08708C26D78D}
	EndGlobalSection
	GlobalSection(ExtensibilityGlobals) = postSolution
		SolutionGuid = {02459B62-5FE9-4D4A-B172-912F1AE758A2}
	EndGlobalSection
EndGlobal
